
Microsoft Visual Studio Solution File, Format Version 12.00
# Visual Studio 15
VisualStudioVersion = 15.0.28307.421
MinimumVisualStudioVersion = 10.0.40219.1
Project("{FAE04EC0-301F-11D3-BF4B-00C04F79EFBC}") = "MyClock", "MyClock\MyClock.csproj", "{AECA1CC9-1CF2-4E73-B74D-B86E9BCE82F4}"
EndProject
Global
	GlobalSection(SolutionConfigurationPlatforms) = preSolution
		Debug|Any CPU = Debug|Any CPU
		Release|Any CPU = Release|Any CPU
	EndGlobalSection
	GlobalSection(ProjectConfigurationPlatforms) = postSolution
		{AECA1CC9-1CF2-4E73-B74D-B86E9BCE82F4}.Debug|Any CPU.ActiveCfg = Debug|Any CPU
		{AECA1CC9-1CF2-4E73-B74D-B86E9BCE82F4}.Debug|Any CPU.Build.0 = Debug|Any CPU
		{AECA1CC9-1CF2-4E73-B74D-B86E9BCE82F4}.Release|Any CPU.ActiveCfg = Release|Any CPU
		{AECA1CC9-1CF2-4E73-B74D-B86E9BCE82F4}.Release|Any CPU.Build.0 = Release|Any CPU
	EndGlobalSection
	GlobalSection(SolutionProperties) = preSolution
		HideSolutionNode = FALSE
	EndGlobalSection
	GlobalSection(ExtensibilityGlobals) = postSolution
		SolutionGuid = {EFC80791-3E71-421D-B629-C6B4B04498FD}
	EndGlobalSection
EndGlobal
